// !$*UTF8*$!
{
	archiveVersion = 1;
	classes = {
	};
	objectVersion = 56;
	objects = {

/* Begin PBXBuildFile section */
		182D69832D5409D9008290E1 /* SplashViewModel.swift in Sources */ = {isa = PBXBuildFile; fileRef = 182D69822D5409D9008290E1 /* SplashViewModel.swift */; };
		182D69862D541141008290E1 /* TabBar.xib in Resources */ = {isa = PBXBuildFile; fileRef = 182D69852D541141008290E1 /* TabBar.xib */; };
		184F1E322D60DA1600D697BC /* MyCell.xib in Resources */ = {isa = PBXBuildFile; fileRef = 184F1E312D60DA1600D697BC /* MyCell.xib */; };
		184F1E412D612B0D00D697BC /* APIClient.swift in Sources */ = {isa = PBXBuildFile; fileRef = 184F1E402D612B0D00D697BC /* APIClient.swift */; };
		184F1E432D612B7D00D697BC /* EndPoint.swift in Sources */ = {isa = PBXBuildFile; fileRef = 184F1E422D612B7D00D697BC /* EndPoint.swift */; };
		184F1E462D61374000D697BC /* HomeRepositary.swift in Sources */ = {isa = PBXBuildFile; fileRef = 184F1E452D61374000D697BC /* HomeRepositary.swift */; };
		184F1E482D61379F00D697BC /* Item_Model.swift in Sources */ = {isa = PBXBuildFile; fileRef = 184F1E472D61379F00D697BC /* Item_Model.swift */; };
		184F1E4A2D61380100D697BC /* HomeViewModel.swift in Sources */ = {isa = PBXBuildFile; fileRef = 184F1E492D61380100D697BC /* HomeViewModel.swift */; };
		1853AE372D4CE52E00F61259 /* AppDelegate.swift in Sources */ = {isa = PBXBuildFile; fileRef = 1853AE362D4CE52E00F61259 /* AppDelegate.swift */; };
		1853AE392D4CE52E00F61259 /* SceneDelegate.swift in Sources */ = {isa = PBXBuildFile; fileRef = 1853AE382D4CE52E00F61259 /* SceneDelegate.swift */; };
		1853AE3B2D4CE52E00F61259 /* SplashViewController.swift in Sources */ = {isa = PBXBuildFile; fileRef = 1853AE3A2D4CE52E00F61259 /* SplashViewController.swift */; };
		1853AE402D4CE52F00F61259 /* Assets.xcassets in Resources */ = {isa = PBXBuildFile; fileRef = 1853AE3F2D4CE52F00F61259 /* Assets.xcassets */; };
		1853AE432D4CE52F00F61259 /* Base in Resources */ = {isa = PBXBuildFile; fileRef = 1853AE422D4CE52F00F61259 /* Base */; };
		1853AE522D4CEBA400F61259 /* AppCoordinator.swift in Sources */ = {isa = PBXBuildFile; fileRef = 1853AE512D4CEBA400F61259 /* AppCoordinator.swift */; };
		1853AE5E2D4CECFF00F61259 /* HomeViewController.swift in Sources */ = {isa = PBXBuildFile; fileRef = 1853AE5D2D4CECFF00F61259 /* HomeViewController.swift */; };
		1853AE602D4CED1B00F61259 /* SplashView.xib in Resources */ = {isa = PBXBuildFile; fileRef = 1853AE5F2D4CED1B00F61259 /* SplashView.xib */; };
		1853AE622D4CF14500F61259 /* SplashCoordinator.swift in Sources */ = {isa = PBXBuildFile; fileRef = 1853AE612D4CF14500F61259 /* SplashCoordinator.swift */; };
		1853AE642D4CF6D800F61259 /* HomeCoordinator.swift in Sources */ = {isa = PBXBuildFile; fileRef = 1853AE632D4CF6D800F61259 /* HomeCoordinator.swift */; };
		1853AE662D4D012400F61259 /* HomeView.xib in Resources */ = {isa = PBXBuildFile; fileRef = 1853AE652D4D012400F61259 /* HomeView.xib */; };
		1853AE682D4D02F300F61259 /* TestView.xib in Resources */ = {isa = PBXBuildFile; fileRef = 1853AE672D4D02F300F61259 /* TestView.xib */; };
		1853AE6A2D4D030500F61259 /* TestViewController.swift in Sources */ = {isa = PBXBuildFile; fileRef = 1853AE692D4D030500F61259 /* TestViewController.swift */; };
		1853AE6C2D4D049B00F61259 /* TestCoordinator.swift in Sources */ = {isa = PBXBuildFile; fileRef = 1853AE6B2D4D049B00F61259 /* TestCoordinator.swift */; };
		18E5CC6E2D5B8BE2007CB28E /* Tabbar.swift in Sources */ = {isa = PBXBuildFile; fileRef = 18E5CC6D2D5B8BE2007CB28E /* Tabbar.swift */; };
		18E5CC702D5B9421007CB28E /* TabbsrCordinator.swift in Sources */ = {isa = PBXBuildFile; fileRef = 18E5CC6F2D5B9421007CB28E /* TabbsrCordinator.swift */; };
		18E5CC732D5BAA3C007CB28E /* UIColor.swift in Sources */ = {isa = PBXBuildFile; fileRef = 18E5CC722D5BAA3C007CB28E /* UIColor.swift */; };
		18E5CC752D5BAA79007CB28E /* UIView.swift in Sources */ = {isa = PBXBuildFile; fileRef = 18E5CC742D5BAA79007CB28E /* UIView.swift */; };
		18F6E6BD2D5E5B2B00BBF85F /* MyCell.swift in Sources */ = {isa = PBXBuildFile; fileRef = 18F6E6BC2D5E5B2B00BBF85F /* MyCell.swift */; };
/* End PBXBuildFile section */

/* Begin PBXFileReference section */
		182D69822D5409D9008290E1 /* SplashViewModel.swift */ = {isa = PBXFileReference; lastKnownFileType = sourcecode.swift; path = SplashViewModel.swift; sourceTree = "<group>"; };
		182D69852D541141008290E1 /* TabBar.xib */ = {isa = PBXFileReference; lastKnownFileType = file.xib; path = TabBar.xib; sourceTree = "<group>"; };
		184F1E312D60DA1600D697BC /* MyCell.xib */ = {isa = PBXFileReference; lastKnownFileType = file.xib; path = MyCell.xib; sourceTree = "<group>"; };
		184F1E402D612B0D00D697BC /* APIClient.swift */ = {isa = PBXFileReference; lastKnownFileType = sourcecode.swift; path = APIClient.swift; sourceTree = "<group>"; };
		184F1E422D612B7D00D697BC /* EndPoint.swift */ = {isa = PBXFileReference; lastKnownFileType = sourcecode.swift; path = EndPoint.swift; sourceTree = "<group>"; };
		184F1E452D61374000D697BC /* HomeRepositary.swift */ = {isa = PBXFileReference; lastKnownFileType = sourcecode.swift; path = HomeRepositary.swift; sourceTree = "<group>"; };
		184F1E472D61379F00D697BC /* Item_Model.swift */ = {isa = PBXFileReference; lastKnownFileType = sourcecode.swift; path = Item_Model.swift; sourceTree = "<group>"; };
		184F1E492D61380100D697BC /* HomeViewModel.swift */ = {isa = PBXFileReference; lastKnownFileType = sourcecode.swift; path = HomeViewModel.swift; sourceTree = "<group>"; };
		1853AE332D4CE52E00F61259 /* combineTrain.app */ = {isa = PBXFileReference; explicitFileType = wrapper.application; includeInIndex = 0; path = combineTrain.app; sourceTree = BUILT_PRODUCTS_DIR; };
		1853AE362D4CE52E00F61259 /* AppDelegate.swift */ = {isa = PBXFileReference; lastKnownFileType = sourcecode.swift; path = AppDelegate.swift; sourceTree = "<group>"; };
		1853AE382D4CE52E00F61259 /* SceneDelegate.swift */ = {isa = PBXFileReference; lastKnownFileType = sourcecode.swift; path = SceneDelegate.swift; sourceTree = "<group>"; };
		1853AE3A2D4CE52E00F61259 /* SplashViewController.swift */ = {isa = PBXFileReference; lastKnownFileType = sourcecode.swift; path = SplashViewController.swift; sourceTree = "<group>"; };
		1853AE3F2D4CE52F00F61259 /* Assets.xcassets */ = {isa = PBXFileReference; lastKnownFileType = folder.assetcatalog; path = Assets.xcassets; sourceTree = "<group>"; };
		1853AE422D4CE52F00F61259 /* Base */ = {isa = PBXFileReference; lastKnownFileType = file.storyboard; name = Base; path = Base.lproj/LaunchScreen.storyboard; sourceTree = "<group>"; };
		1853AE442D4CE52F00F61259 /* Info.plist */ = {isa = PBXFileReference; lastKnownFileType = text.plist.xml; path = Info.plist; sourceTree = "<group>"; };
		1853AE512D4CEBA400F61259 /* AppCoordinator.swift */ = {isa = PBXFileReference; lastKnownFileType = sourcecode.swift; path = AppCoordinator.swift; sourceTree = "<group>"; };
		1853AE5D2D4CECFF00F61259 /* HomeViewController.swift */ = {isa = PBXFileReference; lastKnownFileType = sourcecode.swift; path = HomeViewController.swift; sourceTree = "<group>"; };
		1853AE5F2D4CED1B00F61259 /* SplashView.xib */ = {isa = PBXFileReference; lastKnownFileType = file.xib; path = SplashView.xib; sourceTree = "<group>"; };
		1853AE612D4CF14500F61259 /* SplashCoordinator.swift */ = {isa = PBXFileReference; lastKnownFileType = sourcecode.swift; path = SplashCoordinator.swift; sourceTree = "<group>"; };
		1853AE632D4CF6D800F61259 /* HomeCoordinator.swift */ = {isa = PBXFileReference; lastKnownFileType = sourcecode.swift; path = HomeCoordinator.swift; sourceTree = "<group>"; };
		1853AE652D4D012400F61259 /* HomeView.xib */ = {isa = PBXFileReference; lastKnownFileType = file.xib; path = HomeView.xib; sourceTree = "<group>"; };
		1853AE672D4D02F300F61259 /* TestView.xib */ = {isa = PBXFileReference; lastKnownFileType = file.xib; path = TestView.xib; sourceTree = "<group>"; };
		1853AE692D4D030500F61259 /* TestViewController.swift */ = {isa = PBXFileReference; lastKnownFileType = sourcecode.swift; path = TestViewController.swift; sourceTree = "<group>"; };
		1853AE6B2D4D049B00F61259 /* TestCoordinator.swift */ = {isa = PBXFileReference; lastKnownFileType = sourcecode.swift; path = TestCoordinator.swift; sourceTree = "<group>"; };
		18E5CC6D2D5B8BE2007CB28E /* Tabbar.swift */ = {isa = PBXFileReference; lastKnownFileType = sourcecode.swift; path = Tabbar.swift; sourceTree = "<group>"; };
		18E5CC6F2D5B9421007CB28E /* TabbsrCordinator.swift */ = {isa = PBXFileReference; lastKnownFileType = sourcecode.swift; path = TabbsrCordinator.swift; sourceTree = "<group>"; };
		18E5CC722D5BAA3C007CB28E /* UIColor.swift */ = {isa = PBXFileReference; lastKnownFileType = sourcecode.swift; path = UIColor.swift; sourceTree = "<group>"; };
		18E5CC742D5BAA79007CB28E /* UIView.swift */ = {isa = PBXFileReference; lastKnownFileType = sourcecode.swift; path = UIView.swift; sourceTree = "<group>"; };
		18F6E6BC2D5E5B2B00BBF85F /* MyCell.swift */ = {isa = PBXFileReference; lastKnownFileType = sourcecode.swift; path = MyCell.swift; sourceTree = "<group>"; };
/* End PBXFileReference section */

/* Begin PBXFrameworksBuildPhase section */
		1853AE302D4CE52E00F61259 /* Frameworks */ = {
			isa = PBXFrameworksBuildPhase;
			buildActionMask = 2147483647;
			files = (
			);
			runOnlyForDeploymentPostprocessing = 0;
		};
/* End PBXFrameworksBuildPhase section */

/* Begin PBXGroup section */
		182D69842D541123008290E1 /* Tabbar */ = {
			isa = PBXGroup;
			children = (
				182D69852D541141008290E1 /* TabBar.xib */,
				18E5CC6D2D5B8BE2007CB28E /* Tabbar.swift */,
				18E5CC6F2D5B9421007CB28E /* TabbsrCordinator.swift */,
			);
			path = Tabbar;
			sourceTree = "<group>";
		};
		184F1E332D60ED7E00D697BC /* Settings */ = {
			isa = PBXGroup;
			children = (
				184F1E382D60EE0100D697BC /* Coordinator */,
				184F1E372D60EDE000D697BC /* Model */,
				184F1E362D60EDD700D697BC /* ViewModel */,
				184F1E352D60EDD000D697BC /* View */,
			);
			path = Settings;
			sourceTree = "<group>";
		};
		184F1E352D60EDD000D697BC /* View */ = {
			isa = PBXGroup;
			children = (
				1853AE692D4D030500F61259 /* TestViewController.swift */,
				1853AE672D4D02F300F61259 /* TestView.xib */,
			);
			path = View;
			sourceTree = "<group>";
		};
		184F1E362D60EDD700D697BC /* ViewModel */ = {
			isa = PBXGroup;
			children = (
			);
			path = ViewModel;
			sourceTree = "<group>";
		};
		184F1E372D60EDE000D697BC /* Model */ = {
			isa = PBXGroup;
			children = (
			);
			path = Model;
			sourceTree = "<group>";
		};
		184F1E382D60EE0100D697BC /* Coordinator */ = {
			isa = PBXGroup;
			children = (
			);
			path = Coordinator;
			sourceTree = "<group>";
		};
		184F1E392D60EE3B00D697BC /* cells */ = {
			isa = PBXGroup;
			children = (
				184F1E312D60DA1600D697BC /* MyCell.xib */,
				18F6E6BC2D5E5B2B00BBF85F /* MyCell.swift */,
			);
			path = cells;
			sourceTree = "<group>";
		};
		184F1E3A2D612A5600D697BC /* Login */ = {
			isa = PBXGroup;
			children = (
				184F1E3D2D612A7600D697BC /* coordinator */,
				184F1E3C2D612A6900D697BC /* ViewModel */,
				184F1E3B2D612A5D00D697BC /* view */,
			);
			path = Login;
			sourceTree = "<group>";
		};
		184F1E3B2D612A5D00D697BC /* view */ = {
			isa = PBXGroup;
			children = (
			);
			path = view;
			sourceTree = "<group>";
		};
		184F1E3C2D612A6900D697BC /* ViewModel */ = {
			isa = PBXGroup;
			children = (
			);
			path = ViewModel;
			sourceTree = "<group>";
		};
		184F1E3D2D612A7600D697BC /* coordinator */ = {
			isa = PBXGroup;
			children = (
			);
			path = coordinator;
			sourceTree = "<group>";
		};
		184F1E3E2D612ACF00D697BC /* Network */ = {
			isa = PBXGroup;
			children = (
				184F1E402D612B0D00D697BC /* APIClient.swift */,
				184F1E422D612B7D00D697BC /* EndPoint.swift */,
			);
			path = Network;
			sourceTree = "<group>";
		};
		184F1E3F2D612AD900D697BC /* local */ = {
			isa = PBXGroup;
			children = (
			);
			path = local;
			sourceTree = "<group>";
		};
		184F1E442D6136D300D697BC /* Reposatories */ = {
			isa = PBXGroup;
			children = (
				184F1E452D61374000D697BC /* HomeRepositary.swift */,
			);
			path = Reposatories;
			sourceTree = "<group>";
		};
		1853AE2A2D4CE52E00F61259 = {
			isa = PBXGroup;
			children = (
				1853AE352D4CE52E00F61259 /* combineTrain */,
				1853AE342D4CE52E00F61259 /* Products */,
			);
			sourceTree = "<group>";
		};
		1853AE342D4CE52E00F61259 /* Products */ = {
			isa = PBXGroup;
			children = (
				1853AE332D4CE52E00F61259 /* combineTrain.app */,
			);
			name = Products;
			sourceTree = "<group>";
		};
		1853AE352D4CE52E00F61259 /* combineTrain */ = {
			isa = PBXGroup;
			children = (
				1853AE502D4CEB5900F61259 /* SupportingFiles */,
				1853AE4F2D4CEB4700F61259 /* Resources */,
				1853AE4E2D4CEB3B00F61259 /* Data */,
				1853AE4D2D4CEB3000F61259 /* Services */,
				1853AE4C2D4CEB2800F61259 /* Common */,
				1853AE4B2D4CEB1D00F61259 /* Features */,
				1853AE4A2D4CEB1500F61259 /* App */,
			);
			path = combineTrain;
			sourceTree = "<group>";
		};
		1853AE4A2D4CEB1500F61259 /* App */ = {
			isa = PBXGroup;
			children = (
				1853AE382D4CE52E00F61259 /* SceneDelegate.swift */,
				1853AE362D4CE52E00F61259 /* AppDelegate.swift */,
				1853AE512D4CEBA400F61259 /* AppCoordinator.swift */,
			);
			path = App;
			sourceTree = "<group>";
		};
		1853AE4B2D4CEB1D00F61259 /* Features */ = {
			isa = PBXGroup;
			children = (
				184F1E3A2D612A5600D697BC /* Login */,
				184F1E332D60ED7E00D697BC /* Settings */,
				182D69842D541123008290E1 /* Tabbar */,
				1853AE582D4CEC9E00F61259 /* Home */,
				1853AE532D4CEC2700F61259 /* Splash */,
			);
			path = Features;
			sourceTree = "<group>";
		};
		1853AE4C2D4CEB2800F61259 /* Common */ = {
			isa = PBXGroup;
			children = (
				18E5CC712D5BAA24007CB28E /* Extentions */,
			);
			path = Common;
			sourceTree = "<group>";
		};
		1853AE4D2D4CEB3000F61259 /* Services */ = {
			isa = PBXGroup;
			children = (
				184F1E3F2D612AD900D697BC /* local */,
				184F1E3E2D612ACF00D697BC /* Network */,
			);
			path = Services;
			sourceTree = "<group>";
		};
		1853AE4E2D4CEB3B00F61259 /* Data */ = {
			isa = PBXGroup;
			children = (
			);
			path = Data;
			sourceTree = "<group>";
		};
		1853AE4F2D4CEB4700F61259 /* Resources */ = {
			isa = PBXGroup;
			children = (
				1853AE412D4CE52F00F61259 /* LaunchScreen.storyboard */,
				1853AE3F2D4CE52F00F61259 /* Assets.xcassets */,
			);
			path = Resources;
			sourceTree = "<group>";
		};
		1853AE502D4CEB5900F61259 /* SupportingFiles */ = {
			isa = PBXGroup;
			children = (
				1853AE442D4CE52F00F61259 /* Info.plist */,
			);
			path = SupportingFiles;
			sourceTree = "<group>";
		};
		1853AE532D4CEC2700F61259 /* Splash */ = {
			isa = PBXGroup;
			children = (
				1853AE592D4CECD100F61259 /* Coordinator */,
				1853AE5A2D4CECD100F61259 /* Model */,
				1853AE5B2D4CECD100F61259 /* ViewModel */,
				1853AE542D4CEC4600F61259 /* View */,
			);
			path = Splash;
			sourceTree = "<group>";
		};
		1853AE542D4CEC4600F61259 /* View */ = {
			isa = PBXGroup;
			children = (
				1853AE3A2D4CE52E00F61259 /* SplashViewController.swift */,
				1853AE5F2D4CED1B00F61259 /* SplashView.xib */,
			);
			path = View;
			sourceTree = "<group>";
		};
		1853AE552D4CEC6000F61259 /* ViewModel */ = {
			isa = PBXGroup;
			children = (
				184F1E492D61380100D697BC /* HomeViewModel.swift */,
			);
			path = ViewModel;
			sourceTree = "<group>";
		};
		1853AE562D4CEC6E00F61259 /* Model */ = {
			isa = PBXGroup;
			children = (
				184F1E472D61379F00D697BC /* Item_Model.swift */,
			);
			path = Model;
			sourceTree = "<group>";
		};
		1853AE572D4CEC7E00F61259 /* Coordinator */ = {
			isa = PBXGroup;
			children = (
				1853AE632D4CF6D800F61259 /* HomeCoordinator.swift */,
				1853AE6B2D4D049B00F61259 /* TestCoordinator.swift */,
			);
			path = Coordinator;
			sourceTree = "<group>";
		};
		1853AE582D4CEC9E00F61259 /* Home */ = {
			isa = PBXGroup;
			children = (
				184F1E442D6136D300D697BC /* Reposatories */,
				1853AE5C2D4CECDA00F61259 /* View */,
				1853AE572D4CEC7E00F61259 /* Coordinator */,
				1853AE562D4CEC6E00F61259 /* Model */,
				1853AE552D4CEC6000F61259 /* ViewModel */,
			);
			path = Home;
			sourceTree = "<group>";
		};
		1853AE592D4CECD100F61259 /* Coordinator */ = {
			isa = PBXGroup;
			children = (
				1853AE612D4CF14500F61259 /* SplashCoordinator.swift */,
			);
			path = Coordinator;
			sourceTree = "<group>";
		};
		1853AE5A2D4CECD100F61259 /* Model */ = {
			isa = PBXGroup;
			children = (
			);
			path = Model;
			sourceTree = "<group>";
		};
		1853AE5B2D4CECD100F61259 /* ViewModel */ = {
			isa = PBXGroup;
			children = (
				182D69822D5409D9008290E1 /* SplashViewModel.swift */,
			);
			path = ViewModel;
			sourceTree = "<group>";
		};
		1853AE5C2D4CECDA00F61259 /* View */ = {
			isa = PBXGroup;
			children = (
				184F1E392D60EE3B00D697BC /* cells */,
				1853AE652D4D012400F61259 /* HomeView.xib */,
				1853AE5D2D4CECFF00F61259 /* HomeViewController.swift */,
			);
			path = View;
			sourceTree = "<group>";
		};
		18E5CC712D5BAA24007CB28E /* Extentions */ = {
			isa = PBXGroup;
			children = (
				18E5CC722D5BAA3C007CB28E /* UIColor.swift */,
				18E5CC742D5BAA79007CB28E /* UIView.swift */,
			);
			path = Extentions;
			sourceTree = "<group>";
		};
/* End PBXGroup section */

/* Begin PBXNativeTarget section */
		1853AE322D4CE52E00F61259 /* combineTrain */ = {
			isa = PBXNativeTarget;
			buildConfigurationList = 1853AE472D4CE52F00F61259 /* Build configuration list for PBXNativeTarget "combineTrain" */;
			buildPhases = (
				1853AE2F2D4CE52E00F61259 /* Sources */,
				1853AE302D4CE52E00F61259 /* Frameworks */,
				1853AE312D4CE52E00F61259 /* Resources */,
			);
			buildRules = (
			);
			dependencies = (
			);
			name = combineTrain;
			productName = combineTrain;
			productReference = 1853AE332D4CE52E00F61259 /* combineTrain.app */;
			productType = "com.apple.product-type.application";
		};
/* End PBXNativeTarget section */

/* Begin PBXProject section */
		1853AE2B2D4CE52E00F61259 /* Project object */ = {
			isa = PBXProject;
			attributes = {
				BuildIndependentTargetsInParallel = 1;
				LastSwiftUpdateCheck = 1530;
				LastUpgradeCheck = 1530;
				TargetAttributes = {
					1853AE322D4CE52E00F61259 = {
						CreatedOnToolsVersion = 15.3;
					};
				};
			};
			buildConfigurationList = 1853AE2E2D4CE52E00F61259 /* Build configuration list for PBXProject "combineTrain" */;
			compatibilityVersion = "Xcode 14.0";
			developmentRegion = en;
			hasScannedForEncodings = 0;
			knownRegions = (
				en,
				Base,
			);
			mainGroup = 1853AE2A2D4CE52E00F61259;
			productRefGroup = 1853AE342D4CE52E00F61259 /* Products */;
			projectDirPath = "";
			projectRoot = "";
			targets = (
				1853AE322D4CE52E00F61259 /* combineTrain */,
			);
		};
/* End PBXProject section */

/* Begin PBXResourcesBuildPhase section */
		1853AE312D4CE52E00F61259 /* Resources */ = {
			isa = PBXResourcesBuildPhase;
			buildActionMask = 2147483647;
			files = (
				1853AE402D4CE52F00F61259 /* Assets.xcassets in Resources */,
				1853AE662D4D012400F61259 /* HomeView.xib in Resources */,
				1853AE602D4CED1B00F61259 /* SplashView.xib in Resources */,
				1853AE682D4D02F300F61259 /* TestView.xib in Resources */,
				184F1E322D60DA1600D697BC /* MyCell.xib in Resources */,
				1853AE432D4CE52F00F61259 /* Base in Resources */,
				182D69862D541141008290E1 /* TabBar.xib in Resources */,
			);
			runOnlyForDeploymentPostprocessing = 0;
		};
/* End PBXResourcesBuildPhase section */

/* Begin PBXSourcesBuildPhase section */
		1853AE2F2D4CE52E00F61259 /* Sources */ = {
			isa = PBXSourcesBuildPhase;
			buildActionMask = 2147483647;
			files = (
				184F1E462D61374000D697BC /* HomeRepositary.swift in Sources */,
				18E5CC702D5B9421007CB28E /* TabbsrCordinator.swift in Sources */,
				1853AE5E2D4CECFF00F61259 /* HomeViewController.swift in Sources */,
				184F1E4A2D61380100D697BC /* HomeViewModel.swift in Sources */,
				1853AE6C2D4D049B00F61259 /* TestCoordinator.swift in Sources */,
				184F1E412D612B0D00D697BC /* APIClient.swift in Sources */,
				1853AE522D4CEBA400F61259 /* AppCoordinator.swift in Sources */,
				184F1E432D612B7D00D697BC /* EndPoint.swift in Sources */,
				18E5CC6E2D5B8BE2007CB28E /* Tabbar.swift in Sources */,
				1853AE6A2D4D030500F61259 /* TestViewController.swift in Sources */,
				184F1E482D61379F00D697BC /* Item_Model.swift in Sources */,
				18F6E6BD2D5E5B2B00BBF85F /* MyCell.swift in Sources */,
				1853AE3B2D4CE52E00F61259 /* SplashViewController.swift in Sources */,
				182D69832D5409D9008290E1 /* SplashViewModel.swift in Sources */,
				1853AE622D4CF14500F61259 /* SplashCoordinator.swift in Sources */,
				18E5CC732D5BAA3C007CB28E /* UIColor.swift in Sources */,
				18E5CC752D5BAA79007CB28E /* UIView.swift in Sources */,
				1853AE372D4CE52E00F61259 /* AppDelegate.swift in Sources */,
				1853AE642D4CF6D800F61259 /* HomeCoordinator.swift in Sources */,
				1853AE392D4CE52E00F61259 /* SceneDelegate.swift in Sources */,
			);
			runOnlyForDeploymentPostprocessing = 0;
		};
/* End PBXSourcesBuildPhase section */

/* Begin PBXVariantGroup section */
		1853AE412D4CE52F00F61259 /* LaunchScreen.storyboard */ = {
			isa = PBXVariantGroup;
			children = (
				1853AE422D4CE52F00F61259 /* Base */,
			);
			name = LaunchScreen.storyboard;
			sourceTree = "<group>";
		};
/* End PBXVariantGroup section */

/* Begin XCBuildConfiguration section */
		1853AE452D4CE52F00F61259 /* Debug */ = {
			isa = XCBuildConfiguration;
			buildSettings = {
				ALWAYS_SEARCH_USER_PATHS = NO;
				ASSETCATALOG_COMPILER_GENERATE_SWIFT_ASSET_SYMBOL_EXTENSIONS = YES;
				CLANG_ANALYZER_NONNULL = YES;
				CLANG_ANALYZER_NUMBER_OBJECT_CONVERSION = YES_AGGRESSIVE;
				CLANG_CXX_LANGUAGE_STANDARD = "gnu++20";
				CLANG_ENABLE_MODULES = YES;
				CLANG_ENABLE_OBJC_ARC = YES;
				CLANG_ENABLE_OBJC_WEAK = YES;
				CLANG_WARN_BLOCK_CAPTURE_AUTORELEASING = YES;
				CLANG_WARN_BOOL_CONVERSION = YES;
				CLANG_WARN_COMMA = YES;
				CLANG_WARN_CONSTANT_CONVERSION = YES;
				CLANG_WARN_DEPRECATED_OBJC_IMPLEMENTATIONS = YES;
				CLANG_WARN_DIRECT_OBJC_ISA_USAGE = YES_ERROR;
				CLANG_WARN_DOCUMENTATION_COMMENTS = YES;
				CLANG_WARN_EMPTY_BODY = YES;
				CLANG_WARN_ENUM_CONVERSION = YES;
				CLANG_WARN_INFINITE_RECURSION = YES;
				CLANG_WARN_INT_CONVERSION = YES;
				CLANG_WARN_NON_LITERAL_NULL_CONVERSION = YES;
				CLANG_WARN_OBJC_IMPLICIT_RETAIN_SELF = YES;
				CLANG_WARN_OBJC_LITERAL_CONVERSION = YES;
				CLANG_WARN_OBJC_ROOT_CLASS = YES_ERROR;
				CLANG_WARN_QUOTED_INCLUDE_IN_FRAMEWORK_HEADER = YES;
				CLANG_WARN_RANGE_LOOP_ANALYSIS = YES;
				CLANG_WARN_STRICT_PROTOTYPES = YES;
				CLANG_WARN_SUSPICIOUS_MOVE = YES;
				CLANG_WARN_UNGUARDED_AVAILABILITY = YES_AGGRESSIVE;
				CLANG_WARN_UNREACHABLE_CODE = YES;
				CLANG_WARN__DUPLICATE_METHOD_MATCH = YES;
				COPY_PHASE_STRIP = NO;
				DEBUG_INFORMATION_FORMAT = dwarf;
				ENABLE_STRICT_OBJC_MSGSEND = YES;
				ENABLE_TESTABILITY = YES;
				ENABLE_USER_SCRIPT_SANDBOXING = YES;
				GCC_C_LANGUAGE_STANDARD = gnu17;
				GCC_DYNAMIC_NO_PIC = NO;
				GCC_NO_COMMON_BLOCKS = YES;
				GCC_OPTIMIZATION_LEVEL = 0;
				GCC_PREPROCESSOR_DEFINITIONS = (
					"DEBUG=1",
					"$(inherited)",
				);
				GCC_WARN_64_TO_32_BIT_CONVERSION = YES;
				GCC_WARN_ABOUT_RETURN_TYPE = YES_ERROR;
				GCC_WARN_UNDECLARED_SELECTOR = YES;
				GCC_WARN_UNINITIALIZED_AUTOS = YES_AGGRESSIVE;
				GCC_WARN_UNUSED_FUNCTION = YES;
				GCC_WARN_UNUSED_VARIABLE = YES;
				IPHONEOS_DEPLOYMENT_TARGET = 17.4;
				LOCALIZATION_PREFERS_STRING_CATALOGS = YES;
				MTL_ENABLE_DEBUG_INFO = INCLUDE_SOURCE;
				MTL_FAST_MATH = YES;
				ONLY_ACTIVE_ARCH = YES;
				SDKROOT = iphoneos;
				SWIFT_ACTIVE_COMPILATION_CONDITIONS = "DEBUG $(inherited)";
				SWIFT_OPTIMIZATION_LEVEL = "-Onone";
			};
			name = Debug;
		};
		1853AE462D4CE52F00F61259 /* Release */ = {
			isa = XCBuildConfiguration;
			buildSettings = {
				ALWAYS_SEARCH_USER_PATHS = NO;
				ASSETCATALOG_COMPILER_GENERATE_SWIFT_ASSET_SYMBOL_EXTENSIONS = YES;
				CLANG_ANALYZER_NONNULL = YES;
				CLANG_ANALYZER_NUMBER_OBJECT_CONVERSION = YES_AGGRESSIVE;
				CLANG_CXX_LANGUAGE_STANDARD = "gnu++20";
				CLANG_ENABLE_MODULES = YES;
				CLANG_ENABLE_OBJC_ARC = YES;
				CLANG_ENABLE_OBJC_WEAK = YES;
				CLANG_WARN_BLOCK_CAPTURE_AUTORELEASING = YES;
				CLANG_WARN_BOOL_CONVERSION = YES;
				CLANG_WARN_COMMA = YES;
				CLANG_WARN_CONSTANT_CONVERSION = YES;
				CLANG_WARN_DEPRECATED_OBJC_IMPLEMENTATIONS = YES;
				CLANG_WARN_DIRECT_OBJC_ISA_USAGE = YES_ERROR;
				CLANG_WARN_DOCUMENTATION_COMMENTS = YES;
				CLANG_WARN_EMPTY_BODY = YES;
				CLANG_WARN_ENUM_CONVERSION = YES;
				CLANG_WARN_INFINITE_RECURSION = YES;
				CLANG_WARN_INT_CONVERSION = YES;
				CLANG_WARN_NON_LITERAL_NULL_CONVERSION = YES;
				CLANG_WARN_OBJC_IMPLICIT_RETAIN_SELF = YES;
				CLANG_WARN_OBJC_LITERAL_CONVERSION = YES;
				CLANG_WARN_OBJC_ROOT_CLASS = YES_ERROR;
				CLANG_WARN_QUOTED_INCLUDE_IN_FRAMEWORK_HEADER = YES;
				CLANG_WARN_RANGE_LOOP_ANALYSIS = YES;
				CLANG_WARN_STRICT_PROTOTYPES = YES;
				CLANG_WARN_SUSPICIOUS_MOVE = YES;
				CLANG_WARN_UNGUARDED_AVAILABILITY = YES_AGGRESSIVE;
				CLANG_WARN_UNREACHABLE_CODE = YES;
				CLANG_WARN__DUPLICATE_METHOD_MATCH = YES;
				COPY_PHASE_STRIP = NO;
				DEBUG_INFORMATION_FORMAT = "dwarf-with-dsym";
				ENABLE_NS_ASSERTIONS = NO;
				ENABLE_STRICT_OBJC_MSGSEND = YES;
				ENABLE_USER_SCRIPT_SANDBOXING = YES;
				GCC_C_LANGUAGE_STANDARD = gnu17;
				GCC_NO_COMMON_BLOCKS = YES;
				GCC_WARN_64_TO_32_BIT_CONVERSION = YES;
				GCC_WARN_ABOUT_RETURN_TYPE = YES_ERROR;
				GCC_WARN_UNDECLARED_SELECTOR = YES;
				GCC_WARN_UNINITIALIZED_AUTOS = YES_AGGRESSIVE;
				GCC_WARN_UNUSED_FUNCTION = YES;
				GCC_WARN_UNUSED_VARIABLE = YES;
				IPHONEOS_DEPLOYMENT_TARGET = 17.4;
				LOCALIZATION_PREFERS_STRING_CATALOGS = YES;
				MTL_ENABLE_DEBUG_INFO = NO;
				MTL_FAST_MATH = YES;
				SDKROOT = iphoneos;
				SWIFT_COMPILATION_MODE = wholemodule;
				VALIDATE_PRODUCT = YES;
			};
			name = Release;
		};
		1853AE482D4CE52F00F61259 /* Debug */ = {
			isa = XCBuildConfiguration;
			buildSettings = {
				ASSETCATALOG_COMPILER_APPICON_NAME = AppIcon;
				ASSETCATALOG_COMPILER_GLOBAL_ACCENT_COLOR_NAME = AccentColor;
				CODE_SIGN_STYLE = Automatic;
				CURRENT_PROJECT_VERSION = 1;
				GENERATE_INFOPLIST_FILE = YES;
				INFOPLIST_FILE = combineTrain/Info.plist;
				INFOPLIST_KEY_UIApplicationSupportsIndirectInputEvents = YES;
				INFOPLIST_KEY_UILaunchStoryboardName = LaunchScreen;
				INFOPLIST_KEY_UISupportedInterfaceOrientations_iPad = "UIInterfaceOrientationPortrait UIInterfaceOrientationPortraitUpsideDown UIInterfaceOrientationLandscapeLeft UIInterfaceOrientationLandscapeRight";
				INFOPLIST_KEY_UISupportedInterfaceOrientations_iPhone = "UIInterfaceOrientationPortrait UIInterfaceOrientationLandscapeLeft UIInterfaceOrientationLandscapeRight";
				LD_RUNPATH_SEARCH_PATHS = (
					"$(inherited)",
					"@executable_path/Frameworks",
				);
				MARKETING_VERSION = 1.0;
				PRODUCT_BUNDLE_IDENTIFIER = hema.combineTrain;
				PRODUCT_NAME = "$(TARGET_NAME)";
				SWIFT_EMIT_LOC_STRINGS = YES;
				SWIFT_VERSION = 5.0;
				TARGETED_DEVICE_FAMILY = "1,2";
			};
			name = Debug;
		};
		1853AE492D4CE52F00F61259 /* Release */ = {
			isa = XCBuildConfiguration;
			buildSettings = {
				ASSETCATALOG_COMPILER_APPICON_NAME = AppIcon;
				ASSETCATALOG_COMPILER_GLOBAL_ACCENT_COLOR_NAME = AccentColor;
				CODE_SIGN_STYLE = Automatic;
				CURRENT_PROJECT_VERSION = 1;
				GENERATE_INFOPLIST_FILE = YES;
				INFOPLIST_FILE = combineTrain/Info.plist;
				INFOPLIST_KEY_UIApplicationSupportsIndirectInputEvents = YES;
				INFOPLIST_KEY_UILaunchStoryboardName = LaunchScreen;
				INFOPLIST_KEY_UISupportedInterfaceOrientations_iPad = "UIInterfaceOrientationPortrait UIInterfaceOrientationPortraitUpsideDown UIInterfaceOrientationLandscapeLeft UIInterfaceOrientationLandscapeRight";
				INFOPLIST_KEY_UISupportedInterfaceOrientations_iPhone = "UIInterfaceOrientationPortrait UIInterfaceOrientationLandscapeLeft UIInterfaceOrientationLandscapeRight";
				LD_RUNPATH_SEARCH_PATHS = (
					"$(inherited)",
					"@executable_path/Frameworks",
				);
				MARKETING_VERSION = 1.0;
				PRODUCT_BUNDLE_IDENTIFIER = hema.combineTrain;
				PRODUCT_NAME = "$(TARGET_NAME)";
				SWIFT_EMIT_LOC_STRINGS = YES;
				SWIFT_VERSION = 5.0;
				TARGETED_DEVICE_FAMILY = "1,2";
			};
			name = Release;
		};
/* End XCBuildConfiguration section */

/* Begin XCConfigurationList section */
		1853AE2E2D4CE52E00F61259 /* Build configuration list for PBXProject "combineTrain" */ = {
			isa = XCConfigurationList;
			buildConfigurations = (
				1853AE452D4CE52F00F61259 /* Debug */,
				1853AE462D4CE52F00F61259 /* Release */,
			);
			defaultConfigurationIsVisible = 0;
			defaultConfigurationName = Release;
		};
		1853AE472D4CE52F00F61259 /* Build configuration list for PBXNativeTarget "combineTrain" */ = {
			isa = XCConfigurationList;
			buildConfigurations = (
				1853AE482D4CE52F00F61259 /* Debug */,
				1853AE492D4CE52F00F61259 /* Release */,
			);
			defaultConfigurationIsVisible = 0;
			defaultConfigurationName = Release;
		};
/* End XCConfigurationList section */
	};
	rootObject = 1853AE2B2D4CE52E00F61259 /* Project object */;
}
